
Microsoft Visual Studio Solution File, Format Version 12.00
# Visual Studio Version 17
VisualStudioVersion = 17.4.33205.214
MinimumVisualStudioVersion = 10.0.40219.1
Project("{FAE04EC0-301F-11D3-BF4B-00C04F79EFBC}") = "Exercicio_1", "Lista_Exercícios\Exercicio_1.csproj", "{1BE68E64-56E7-4D3C-BA77-D3BFF4361E26}"
EndProject
Project("{FAE04EC0-301F-11D3-BF4B-00C04F79EFBC}") = "Exercicio_2", "Exercicio_2\Exercicio_2.csproj", "{073BDAD6-5769-4B35-B445-404A0E69138E}"
EndProject
Project("{FAE04EC0-301F-11D3-BF4B-00C04F79EFBC}") = "Exercicio_3", "Exercicio_3\Exercicio_3.csproj", "{06AF679D-3CDF-4F1C-831E-A8651E581E36}"
EndProject
Project("{FAE04EC0-301F-11D3-BF4B-00C04F79EFBC}") = "Exercicio_4", "Exercicio_4\Exercicio_4.csproj", "{8A5AF85F-AC5D-447B-9FE9-2B98A6480AE2}"
EndProject
Project("{FAE04EC0-301F-11D3-BF4B-00C04F79EFBC}") = "Exercicio_5", "Exercicio_5\Exercicio_5.csproj", "{1A43E0FF-B7C0-4C17-B4BF-F727CD140197}"
EndProject
Project("{FAE04EC0-301F-11D3-BF4B-00C04F79EFBC}") = "Exercicio_6", "Exercicio_6\Exercicio_6.csproj", "{C3C1EF80-A01D-4408-9DB3-85DE91B8B672}"
EndProject
Global
	GlobalSection(SolutionConfigurationPlatforms) = preSolution
		Debug|Any CPU = Debug|Any CPU
		Release|Any CPU = Release|Any CPU
	EndGlobalSection
	GlobalSection(ProjectConfigurationPlatforms) = postSolution
		{1BE68E64-56E7-4D3C-BA77-D3BFF4361E26}.Debug|Any CPU.ActiveCfg = Debug|Any CPU
		{1BE68E64-56E7-4D3C-BA77-D3BFF4361E26}.Debug|Any CPU.Build.0 = Debug|Any CPU
		{1BE68E64-56E7-4D3C-BA77-D3BFF4361E26}.Release|Any CPU.ActiveCfg = Release|Any CPU
		{1BE68E64-56E7-4D3C-BA77-D3BFF4361E26}.Release|Any CPU.Build.0 = Release|Any CPU
		{073BDAD6-5769-4B35-B445-404A0E69138E}.Debug|Any CPU.ActiveCfg = Debug|Any CPU
		{073BDAD6-5769-4B35-B445-404A0E69138E}.Debug|Any CPU.Build.0 = Debug|Any CPU
		{073BDAD6-5769-4B35-B445-404A0E69138E}.Release|Any CPU.ActiveCfg = Release|Any CPU
		{073BDAD6-5769-4B35-B445-404A0E69138E}.Release|Any CPU.Build.0 = Release|Any CPU
		{06AF679D-3CDF-4F1C-831E-A8651E581E36}.Debug|Any CPU.ActiveCfg = Debug|Any CPU
		{06AF679D-3CDF-4F1C-831E-A8651E581E36}.Debug|Any CPU.Build.0 = Debug|Any CPU
		{06AF679D-3CDF-4F1C-831E-A8651E581E36}.Release|Any CPU.ActiveCfg = Release|Any CPU
		{06AF679D-3CDF-4F1C-831E-A8651E581E36}.Release|Any CPU.Build.0 = Release|Any CPU
		{8A5AF85F-AC5D-447B-9FE9-2B98A6480AE2}.Debug|Any CPU.ActiveCfg = Debug|Any CPU
		{8A5AF85F-AC5D-447B-9FE9-2B98A6480AE2}.Debug|Any CPU.Build.0 = Debug|Any CPU
		{8A5AF85F-AC5D-447B-9FE9-2B98A6480AE2}.Release|Any CPU.ActiveCfg = Release|Any CPU
		{8A5AF85F-AC5D-447B-9FE9-2B98A6480AE2}.Release|Any CPU.Build.0 = Release|Any CPU
		{1A43E0FF-B7C0-4C17-B4BF-F727CD140197}.Debug|Any CPU.ActiveCfg = Debug|Any CPU
		{1A43E0FF-B7C0-4C17-B4BF-F727CD140197}.Debug|Any CPU.Build.0 = Debug|Any CPU
		{1A43E0FF-B7C0-4C17-B4BF-F727CD140197}.Release|Any CPU.ActiveCfg = Release|Any CPU
		{1A43E0FF-B7C0-4C17-B4BF-F727CD140197}.Release|Any CPU.Build.0 = Release|Any CPU
		{C3C1EF80-A01D-4408-9DB3-85DE91B8B672}.Debug|Any CPU.ActiveCfg = Debug|Any CPU
		{C3C1EF80-A01D-4408-9DB3-85DE91B8B672}.Debug|Any CPU.Build.0 = Debug|Any CPU
		{C3C1EF80-A01D-4408-9DB3-85DE91B8B672}.Release|Any CPU.ActiveCfg = Release|Any CPU
		{C3C1EF80-A01D-4408-9DB3-85DE91B8B672}.Release|Any CPU.Build.0 = Release|Any CPU
	EndGlobalSection
	GlobalSection(SolutionProperties) = preSolution
		HideSolutionNode = FALSE
	EndGlobalSection
	GlobalSection(ExtensibilityGlobals) = postSolution
		SolutionGuid = {D5242A8F-A02A-432A-96E5-2F927C2ED3DC}
	EndGlobalSection
EndGlobal
